{
  "name": "payoneer-checkout-checkout",
  "version": "0.0.0",
  "lockfileVersion": 2,
  "requires": true,
  "packages": {
    "": {
      "name": "payoneer-checkout-checkout",
      "version": "0.0.0",
      "license": "GPL-2.0-or-later",
      "devDependencies": {
        "@inpsyde/prettier-config": "^0.1.0",
        "prettier": "2.4.1"
      }
    },
    "node_modules/@inpsyde/prettier-config": {
      "version": "0.1.0",
      "resolved": "https://npm.pkg.github.com/download/@inpsyde/prettier-config/0.1.0/3d31f4f9ad2237de98840e883e8825cf6c67227d68710691a06f4f75a914cd9d",
      "integrity": "sha512-LzYU5e5V6zwiuR6e1wD3SCJD5N30Y8Ntl2xXq8EpPLACAO4SF1lEIOb3DfufHYd5hmF5cYOw/3yc0Td0KThPUA==",
      "dev": true,
      "license": "MIT"
    },
    "node_modules/prettier": {
      "version": "2.4.1",
      "resolved": "https://registry.npmjs.org/prettier/-/prettier-2.4.1.tgz",
      "integrity": "sha512-9fbDAXSBcc6Bs1mZrDYb3XKzDLm4EXXL9sC1LqKP5rZkT6KRr/rf9amVUcODVXgguK/isJz0d0hP72WeaKWsvA==",
      "dev": true,
      "bin": {
        "prettier": "bin-prettier.js"
      },
      "engines": {
        "node": ">=10.13.0"
      }
    }
  },
  "dependencies": {
    "@inpsyde/prettier-config": {
      "version": "0.1.0",
      "resolved": "https://npm.pkg.github.com/download/@inpsyde/prettier-config/0.1.0/3d31f4f9ad2237de98840e883e8825cf6c67227d68710691a06f4f75a914cd9d",
      "integrity": "sha512-LzYU5e5V6zwiuR6e1wD3SCJD5N30Y8Ntl2xXq8EpPLACAO4SF1lEIOb3DfufHYd5hmF5cYOw/3yc0Td0KThPUA==",
      "dev": true
    },
    "prettier": {
      "version": "2.4.1",
      "resolved": "https://registry.npmjs.org/prettier/-/prettier-2.4.1.tgz",
      "integrity": "sha512-9fbDAXSBcc6Bs1mZrDYb3XKzDLm4EXXL9sC1LqKP5rZkT6KRr/rf9amVUcODVXgguK/isJz0d0hP72WeaKWsvA==",
      "dev": true
    }
  }
}
